
Microsoft Visual Studio Solution File, Format Version 12.00
# Visual Studio Version 17
VisualStudioVersion = 17.4.33213.308
MinimumVisualStudioVersion = 10.0.40219.1
Project("{FAE04EC0-301F-11D3-BF4B-00C04F79EFBC}") = "FirstList", "FirstList\FirstList.csproj", "{FE56AB36-D60D-42B4-A291-ED2F9FB496AA}"
EndProject
Project("{FAE04EC0-301F-11D3-BF4B-00C04F79EFBC}") = "ListFibonachi", "ListFibonachi\ListFibonachi.csproj", "{2C5661D3-626D-4B07-BDAC-210134E88D16}"
EndProject
Global
	GlobalSection(SolutionConfigurationPlatforms) = preSolution
		Debug|Any CPU = Debug|Any CPU
		Release|Any CPU = Release|Any CPU
	EndGlobalSection
	GlobalSection(ProjectConfigurationPlatforms) = postSolution
		{FE56AB36-D60D-42B4-A291-ED2F9FB496AA}.Debug|Any CPU.ActiveCfg = Debug|Any CPU
		{FE56AB36-D60D-42B4-A291-ED2F9FB496AA}.Debug|Any CPU.Build.0 = Debug|Any CPU
		{FE56AB36-D60D-42B4-A291-ED2F9FB496AA}.Release|Any CPU.ActiveCfg = Release|Any CPU
		{FE56AB36-D60D-42B4-A291-ED2F9FB496AA}.Release|Any CPU.Build.0 = Release|Any CPU
		{2C5661D3-626D-4B07-BDAC-210134E88D16}.Debug|Any CPU.ActiveCfg = Debug|Any CPU
		{2C5661D3-626D-4B07-BDAC-210134E88D16}.Debug|Any CPU.Build.0 = Debug|Any CPU
		{2C5661D3-626D-4B07-BDAC-210134E88D16}.Release|Any CPU.ActiveCfg = Release|Any CPU
		{2C5661D3-626D-4B07-BDAC-210134E88D16}.Release|Any CPU.Build.0 = Release|Any CPU
	EndGlobalSection
	GlobalSection(SolutionProperties) = preSolution
		HideSolutionNode = FALSE
	EndGlobalSection
	GlobalSection(ExtensibilityGlobals) = postSolution
		SolutionGuid = {093F553D-2E48-4BE8-8670-E9D98F1AD492}
	EndGlobalSection
EndGlobal
